{"schemaVersion":1,"kind":"hutch-project-dependencies","objects":[{"type":"release","relativeRoot":"releases/cottontail/0.5.0/e5660061b8e64b5ea044799da8518780a9987391/windows-x64","version":"0.5.0","platform":"windows-x64","product":"cottontail","revision":"e5660061b8e64b5ea044799da8518780a9987391","archiveSha256":"65335d0a1fb6d482e6c45f742223b0c3b9d31fc4da4b9106222e2017f855437d"},{"type":"electrobun","relativeRoot":"releases/electrobun/2.0.1/windows-x64","version":"2.0.1","platform":"windows-x64","product":"electrobun","coreSha256":"b0251163afc64c622a92c26fa37281d637ae83503e89396e581e618572494e0a","sourceManifestSha256":"21138bf1b21774ec187787bdc8a640c8b71724ddacc48d824b58898015054f60"}]}
